{
  "nodes": {
    "nixpkgs": {
      "locked": {
        "lastModified": 1791378971,
        "narHash": "sha256-sPJF9l2YYMbzRFRKMP3KzSY/vaDMvxpO+6ua6KYqmpg=",
        "owner": "NixOS",
        "repo": "nixpkgs",
        "rev": "86462d1e785c1672ad777362f0981cd7c65c71cf",
        "type": "github"
      },
      "original": {
        "owner": "NixOS",
        "ref": "master",
        "repo": "nixpkgs",
        "type": "github"
      }
    },
    "root": {
      "inputs": {
        "nixpkgs": "nixpkgs"
      }
    }
  },
  "root": "root",
  "version": 7
}
